
Microsoft Visual Studio Solution File, Format Version 12.00
# Visual Studio Version 16
VisualStudioVersion = 25.0.1705.2
MinimumVisualStudioVersion = 10.0.40219.1
Project("{FAE04EC0-301F-11D3-BF4B-00C04F79EFBC}") = "JobExpenses", "JobExpenses\JobExpenses.csproj", "{D77212D2-53DA-4093-ACF9-0F567B138581}"
EndProject
Project("{FAE04EC0-301F-11D3-BF4B-00C04F79EFBC}") = "OneChickenPerPerson", "OneChickenPerPerson\OneChickenPerPerson.csproj", "{9B286579-4193-42E4-8BB0-60C59E4DF833}"
EndProject
Project("{FAE04EC0-301F-11D3-BF4B-00C04F79EFBC}") = "Aaaah", "Aaaah\Aaaah.csproj", "{C0D80037-815D-4ADA-B8F0-78F8EE566904}"
EndProject
Project("{FAE04EC0-301F-11D3-BF4B-00C04F79EFBC}") = "FindingAnA", "FindingAnA\FindingAnA.csproj", "{84B1AF95-E626-4E30-8C61-65D35EA10665}"
EndProject
Project("{FAE04EC0-301F-11D3-BF4B-00C04F79EFBC}") = "SortTwoNumbers", "SortTwoNumbers\SortTwoNumbers.csproj", "{39582F31-32F9-4584-A9DC-D3F7A879CED0}"
EndProject
Project("{FAE04EC0-301F-11D3-BF4B-00C04F79EFBC}") = "QualityAdjustedLifeYear", "QualityAdjustedLifeYear\QualityAdjustedLifeYear.csproj", "{DD0FE68A-CAA5-4905-9CAE-121127F0EAD9}"
EndProject
Project("{FAE04EC0-301F-11D3-BF4B-00C04F79EFBC}") = "N-Sum", "N-Sum\N-Sum.csproj", "{F7A22697-33BC-49EF-9716-FD76F2AEB80A}"
EndProject
Project("{FAE04EC0-301F-11D3-BF4B-00C04F79EFBC}") = "BirthdayMemorisation", "BirthdayMemorisation\BirthdayMemorisation.csproj", "{7E32AA6C-5B9D-490D-82BA-CD1A12428196}"
EndProject
Project("{FAE04EC0-301F-11D3-BF4B-00C04F79EFBC}") = "LaptopSticker", "LaptopSticker\LaptopSticker.csproj", "{6D971FCD-855F-4BF3-B486-EEE6828814B1}"
EndProject
Project("{FAE04EC0-301F-11D3-BF4B-00C04F79EFBC}") = "SpeedLimit", "SpeedLimit\SpeedLimit.csproj", "{07D062D5-8B46-44BB-8DC3-6F4CFAB38520}"
EndProject
Global
	GlobalSection(SolutionConfigurationPlatforms) = preSolution
		Debug|Any CPU = Debug|Any CPU
		Release|Any CPU = Release|Any CPU
	EndGlobalSection
	GlobalSection(ProjectConfigurationPlatforms) = postSolution
		{D77212D2-53DA-4093-ACF9-0F567B138581}.Debug|Any CPU.ActiveCfg = Debug|Any CPU
		{D77212D2-53DA-4093-ACF9-0F567B138581}.Debug|Any CPU.Build.0 = Debug|Any CPU
		{D77212D2-53DA-4093-ACF9-0F567B138581}.Release|Any CPU.ActiveCfg = Release|Any CPU
		{D77212D2-53DA-4093-ACF9-0F567B138581}.Release|Any CPU.Build.0 = Release|Any CPU
		{9B286579-4193-42E4-8BB0-60C59E4DF833}.Debug|Any CPU.ActiveCfg = Debug|Any CPU
		{9B286579-4193-42E4-8BB0-60C59E4DF833}.Debug|Any CPU.Build.0 = Debug|Any CPU
		{9B286579-4193-42E4-8BB0-60C59E4DF833}.Release|Any CPU.ActiveCfg = Release|Any CPU
		{9B286579-4193-42E4-8BB0-60C59E4DF833}.Release|Any CPU.Build.0 = Release|Any CPU
		{C0D80037-815D-4ADA-B8F0-78F8EE566904}.Debug|Any CPU.ActiveCfg = Debug|Any CPU
		{C0D80037-815D-4ADA-B8F0-78F8EE566904}.Debug|Any CPU.Build.0 = Debug|Any CPU
		{C0D80037-815D-4ADA-B8F0-78F8EE566904}.Release|Any CPU.ActiveCfg = Release|Any CPU
		{C0D80037-815D-4ADA-B8F0-78F8EE566904}.Release|Any CPU.Build.0 = Release|Any CPU
		{84B1AF95-E626-4E30-8C61-65D35EA10665}.Debug|Any CPU.ActiveCfg = Debug|Any CPU
		{84B1AF95-E626-4E30-8C61-65D35EA10665}.Debug|Any CPU.Build.0 = Debug|Any CPU
		{84B1AF95-E626-4E30-8C61-65D35EA10665}.Release|Any CPU.ActiveCfg = Release|Any CPU
		{84B1AF95-E626-4E30-8C61-65D35EA10665}.Release|Any CPU.Build.0 = Release|Any CPU
		{39582F31-32F9-4584-A9DC-D3F7A879CED0}.Debug|Any CPU.ActiveCfg = Debug|Any CPU
		{39582F31-32F9-4584-A9DC-D3F7A879CED0}.Debug|Any CPU.Build.0 = Debug|Any CPU
		{39582F31-32F9-4584-A9DC-D3F7A879CED0}.Release|Any CPU.ActiveCfg = Release|Any CPU
		{39582F31-32F9-4584-A9DC-D3F7A879CED0}.Release|Any CPU.Build.0 = Release|Any CPU
		{DD0FE68A-CAA5-4905-9CAE-121127F0EAD9}.Debug|Any CPU.ActiveCfg = Debug|Any CPU
		{DD0FE68A-CAA5-4905-9CAE-121127F0EAD9}.Debug|Any CPU.Build.0 = Debug|Any CPU
		{DD0FE68A-CAA5-4905-9CAE-121127F0EAD9}.Release|Any CPU.ActiveCfg = Release|Any CPU
		{DD0FE68A-CAA5-4905-9CAE-121127F0EAD9}.Release|Any CPU.Build.0 = Release|Any CPU
		{F7A22697-33BC-49EF-9716-FD76F2AEB80A}.Debug|Any CPU.ActiveCfg = Debug|Any CPU
		{F7A22697-33BC-49EF-9716-FD76F2AEB80A}.Debug|Any CPU.Build.0 = Debug|Any CPU
		{F7A22697-33BC-49EF-9716-FD76F2AEB80A}.Release|Any CPU.ActiveCfg = Release|Any CPU
		{F7A22697-33BC-49EF-9716-FD76F2AEB80A}.Release|Any CPU.Build.0 = Release|Any CPU
		{7E32AA6C-5B9D-490D-82BA-CD1A12428196}.Debug|Any CPU.ActiveCfg = Debug|Any CPU
		{7E32AA6C-5B9D-490D-82BA-CD1A12428196}.Debug|Any CPU.Build.0 = Debug|Any CPU
		{7E32AA6C-5B9D-490D-82BA-CD1A12428196}.Release|Any CPU.ActiveCfg = Release|Any CPU
		{7E32AA6C-5B9D-490D-82BA-CD1A12428196}.Release|Any CPU.Build.0 = Release|Any CPU
		{6D971FCD-855F-4BF3-B486-EEE6828814B1}.Debug|Any CPU.ActiveCfg = Debug|Any CPU
		{6D971FCD-855F-4BF3-B486-EEE6828814B1}.Debug|Any CPU.Build.0 = Debug|Any CPU
		{6D971FCD-855F-4BF3-B486-EEE6828814B1}.Release|Any CPU.ActiveCfg = Release|Any CPU
		{6D971FCD-855F-4BF3-B486-EEE6828814B1}.Release|Any CPU.Build.0 = Release|Any CPU
		{07D062D5-8B46-44BB-8DC3-6F4CFAB38520}.Debug|Any CPU.ActiveCfg = Debug|Any CPU
		{07D062D5-8B46-44BB-8DC3-6F4CFAB38520}.Debug|Any CPU.Build.0 = Debug|Any CPU
		{07D062D5-8B46-44BB-8DC3-6F4CFAB38520}.Release|Any CPU.ActiveCfg = Release|Any CPU
		{07D062D5-8B46-44BB-8DC3-6F4CFAB38520}.Release|Any CPU.Build.0 = Release|Any CPU
	EndGlobalSection
	GlobalSection(SolutionProperties) = preSolution
		HideSolutionNode = FALSE
	EndGlobalSection
	GlobalSection(ExtensibilityGlobals) = postSolution
		SolutionGuid = {7DDC2D9A-43FC-455D-9E18-2EFCBDD345D7}
	EndGlobalSection
EndGlobal
